{
  "name": "reviewz",
  "lockfileVersion": 2,
  "requires": true,
  "packages": {
    "": {
      "dependencies": {
        "jquery": "^3.6.1",
        "link": "^1.5.1"
      }
    },
    "node_modules/jquery": {
      "version": "3.6.1",
      "resolved": "https://registry.npmjs.org/jquery/-/jquery-3.6.1.tgz",
      "integrity": "sha512-opJeO4nCucVnsjiXOE+/PcCgYw9Gwpvs/a6B1LL/lQhwWwpbVEVYDZ1FokFr8PRc7ghYlrFPuyHuiiDNTQxmcw=="
    },
    "node_modules/link": {
      "version": "1.5.1",
      "resolved": "https://registry.npmjs.org/link/-/link-1.5.1.tgz",
      "integrity": "sha512-80GBz0JfARAPedegdwtMHJ4tiPCQNqi9UZ0womJ5YU6Zw/Jc8JRji5cnhqkxGTTFAPLs1HftUDf81qUQg0aY0Q==",
      "bin": {
        "link": "dist/cli.js"
      },
      "funding": {
        "url": "https://github.com/privatenumber/link?sponsor=1"
      }
    }
  },
  "dependencies": {
    "jquery": {
      "version": "3.6.1",
      "resolved": "https://registry.npmjs.org/jquery/-/jquery-3.6.1.tgz",
      "integrity": "sha512-opJeO4nCucVnsjiXOE+/PcCgYw9Gwpvs/a6B1LL/lQhwWwpbVEVYDZ1FokFr8PRc7ghYlrFPuyHuiiDNTQxmcw=="
    },
    "link": {
      "version": "1.5.1",
      "resolved": "https://registry.npmjs.org/link/-/link-1.5.1.tgz",
      "integrity": "sha512-80GBz0JfARAPedegdwtMHJ4tiPCQNqi9UZ0womJ5YU6Zw/Jc8JRji5cnhqkxGTTFAPLs1HftUDf81qUQg0aY0Q=="
    }
  }
}
